
Microsoft Visual Studio Solution File, Format Version 12.00
# Visual Studio Version 16
VisualStudioVersion = 16.0.29209.62
MinimumVisualStudioVersion = 10.0.40219.1
Project("{FAE04EC0-301F-11D3-BF4B-00C04F79EFBC}") = "ConsoleApp1", "ConsoleApp1\ConsoleApp1.csproj", "{FAB31615-AE78-47E6-AA6D-81CCA84D3C0C}"
EndProject
Global
	GlobalSection(SolutionConfigurationPlatforms) = preSolution
		Debug|Any CPU = Debug|Any CPU
		Release|Any CPU = Release|Any CPU
	EndGlobalSection
	GlobalSection(ProjectConfigurationPlatforms) = postSolution
		{FAB31615-AE78-47E6-AA6D-81CCA84D3C0C}.Debug|Any CPU.ActiveCfg = Debug|Any CPU
		{FAB31615-AE78-47E6-AA6D-81CCA84D3C0C}.Debug|Any CPU.Build.0 = Debug|Any CPU
		{FAB31615-AE78-47E6-AA6D-81CCA84D3C0C}.Release|Any CPU.ActiveCfg = Release|Any CPU
		{FAB31615-AE78-47E6-AA6D-81CCA84D3C0C}.Release|Any CPU.Build.0 = Release|Any CPU
	EndGlobalSection
	GlobalSection(SolutionProperties) = preSolution
		HideSolutionNode = FALSE
	EndGlobalSection
	GlobalSection(ExtensibilityGlobals) = postSolution
		SolutionGuid = {00AF386E-A5B4-484E-963F-0C002987A7FD}
	EndGlobalSection
EndGlobal
